// !$*UTF8*$!
{
	archiveVersion = 1;
	classes = {
	};
	objectVersion = 77;
	objects = {

/* Begin PBXBuildFile section */
		588840EA2F7CF54A0009D6DE /* AppDelegate.swift in Sources */ = {isa = PBXBuildFile; fileRef = 588840E92F7CF54A0009D6DE /* AppDelegate.swift */; };
		588840EE2F7CF54A0009D6DE /* Main.html in Resources */ = {isa = PBXBuildFile; fileRef = 588840EC2F7CF54A0009D6DE /* Main.html */; };
		588840F02F7CF54A0009D6DE /* Icon.png in Resources */ = {isa = PBXBuildFile; fileRef = 588840EF2F7CF54A0009D6DE /* Icon.png */; };
		588840F22F7CF54A0009D6DE /* Style.css in Resources */ = {isa = PBXBuildFile; fileRef = 588840F12F7CF54A0009D6DE /* Style.css */; };
		588840F42F7CF54A0009D6DE /* Script.js in Resources */ = {isa = PBXBuildFile; fileRef = 588840F32F7CF54A0009D6DE /* Script.js */; };
		588840F62F7CF54A0009D6DE /* ViewController.swift in Sources */ = {isa = PBXBuildFile; fileRef = 588840F52F7CF54A0009D6DE /* ViewController.swift */; };
		588840F92F7CF54A0009D6DE /* Main.storyboard in Resources */ = {isa = PBXBuildFile; fileRef = 588840F72F7CF54A0009D6DE /* Main.storyboard */; };
		588840FB2F7CF54A0009D6DE /* Assets.xcassets in Resources */ = {isa = PBXBuildFile; fileRef = 588840FA2F7CF54A0009D6DE /* Assets.xcassets */; };
		588841022F7CF54A0009D6DE /* Block People & Keywords Extension.appex in Embed Foundation Extensions */ = {isa = PBXBuildFile; fileRef = 588841012F7CF54A0009D6DE /* Block People & Keywords Extension.appex */; settings = {ATTRIBUTES = (RemoveHeadersOnCopy, ); }; };
		588841072F7CF54A0009D6DE /* SafariWebExtensionHandler.swift in Sources */ = {isa = PBXBuildFile; fileRef = 588841062F7CF54A0009D6DE /* SafariWebExtensionHandler.swift */; };
		588841192F7CF54A0009D6DE /* popup.js in Resources */ = {isa = PBXBuildFile; fileRef = 588841132F7CF54A0009D6DE /* popup.js */; };
		5888411A2F7CF54A0009D6DE /* popup.html in Resources */ = {isa = PBXBuildFile; fileRef = 588841142F7CF54A0009D6DE /* popup.html */; };
		5888411B2F7CF54A0009D6DE /* icons in Resources */ = {isa = PBXBuildFile; fileRef = 588841152F7CF54A0009D6DE /* icons */; };
		5888411C2F7CF54A0009D6DE /* manifest.json in Resources */ = {isa = PBXBuildFile; fileRef = 588841162F7CF54A0009D6DE /* manifest.json */; };
		5888411D2F7CF54A0009D6DE /* popup.css in Resources */ = {isa = PBXBuildFile; fileRef = 588841172F7CF54A0009D6DE /* popup.css */; };
		5888411E2F7CF54A0009D6DE /* content.js in Resources */ = {isa = PBXBuildFile; fileRef = 588841182F7CF54A0009D6DE /* content.js */; };
/* End PBXBuildFile section */

/* Begin PBXContainerItemProxy section */
		588841032F7CF54A0009D6DE /* PBXContainerItemProxy */ = {
			isa = PBXContainerItemProxy;
			containerPortal = 588840DE2F7CF54A0009D6DE /* Project object */;
			proxyType = 1;
			remoteGlobalIDString = 588841002F7CF54A0009D6DE;
			remoteInfo = "Block People & Keywords Extension";
		};
/* End PBXContainerItemProxy section */

/* Begin PBXCopyFilesBuildPhase section */
		5888410E2F7CF54A0009D6DE /* Embed Foundation Extensions */ = {
			isa = PBXCopyFilesBuildPhase;
			buildActionMask = 2147483647;
			dstPath = "";
			dstSubfolderSpec = 13;
			files = (
				588841022F7CF54A0009D6DE /* Block People & Keywords Extension.appex in Embed Foundation Extensions */,
			);
			name = "Embed Foundation Extensions";
			runOnlyForDeploymentPostprocessing = 0;
		};
/* End PBXCopyFilesBuildPhase section */

/* Begin PBXFileReference section */
		588840E62F7CF54A0009D6DE /* Block People & Keywords.app */ = {isa = PBXFileReference; explicitFileType = wrapper.application; includeInIndex = 0; path = "Block People & Keywords.app"; sourceTree = BUILT_PRODUCTS_DIR; };
		588840E92F7CF54A0009D6DE /* AppDelegate.swift */ = {isa = PBXFileReference; lastKnownFileType = sourcecode.swift; path = AppDelegate.swift; sourceTree = "<group>"; };
		588840ED2F7CF54A0009D6DE /* Base */ = {isa = PBXFileReference; lastKnownFileType = text.html; name = Base; path = Base.lproj/Main.html; sourceTree = "<group>"; };
		588840EF2F7CF54A0009D6DE /* Icon.png */ = {isa = PBXFileReference; lastKnownFileType = image.png; path = Icon.png; sourceTree = "<group>"; };
		588840F12F7CF54A0009D6DE /* Style.css */ = {isa = PBXFileReference; lastKnownFileType = text.css; path = Style.css; sourceTree = "<group>"; };
		588840F32F7CF54A0009D6DE /* Script.js */ = {isa = PBXFileReference; lastKnownFileType = sourcecode.javascript; path = Script.js; sourceTree = "<group>"; };
		588840F52F7CF54A0009D6DE /* ViewController.swift */ = {isa = PBXFileReference; lastKnownFileType = sourcecode.swift; path = ViewController.swift; sourceTree = "<group>"; };
		588840F82F7CF54A0009D6DE /* Base */ = {isa = PBXFileReference; lastKnownFileType = file.storyboard; name = Base; path = Base.lproj/Main.storyboard; sourceTree = "<group>"; };
		588840FA2F7CF54A0009D6DE /* Assets.xcassets */ = {isa = PBXFileReference; lastKnownFileType = folder.assetcatalog; path = Assets.xcassets; sourceTree = "<group>"; };
		588840FC2F7CF54A0009D6DE /* Info.plist */ = {isa = PBXFileReference; lastKnownFileType = text.plist.xml; path = Info.plist; sourceTree = "<group>"; };
		588841012F7CF54A0009D6DE /* Block People & Keywords Extension.appex */ = {isa = PBXFileReference; explicitFileType = "wrapper.app-extension"; includeInIndex = 0; path = "Block People & Keywords Extension.appex"; sourceTree = BUILT_PRODUCTS_DIR; };
		588841062F7CF54A0009D6DE /* SafariWebExtensionHandler.swift */ = {isa = PBXFileReference; lastKnownFileType = sourcecode.swift; path = SafariWebExtensionHandler.swift; sourceTree = "<group>"; };
		588841082F7CF54A0009D6DE /* Info.plist */ = {isa = PBXFileReference; lastKnownFileType = text.plist.xml; path = Info.plist; sourceTree = "<group>"; };
		588841132F7CF54A0009D6DE /* popup.js */ = {isa = PBXFileReference; lastKnownFileType = sourcecode.javascript; name = popup.js; path = Resources/popup.js; sourceTree = "<group>"; };
		588841142F7CF54A0009D6DE /* popup.html */ = {isa = PBXFileReference; lastKnownFileType = text.html; name = popup.html; path = Resources/popup.html; sourceTree = "<group>"; };
		588841152F7CF54A0009D6DE /* icons */ = {isa = PBXFileReference; lastKnownFileType = folder; name = icons; path = Resources/icons; sourceTree = "<group>"; };
		588841162F7CF54A0009D6DE /* manifest.json */ = {isa = PBXFileReference; lastKnownFileType = text.json; name = manifest.json; path = Resources/manifest.json; sourceTree = "<group>"; };
		588841172F7CF54A0009D6DE /* popup.css */ = {isa = PBXFileReference; lastKnownFileType = text.css; name = popup.css; path = Resources/popup.css; sourceTree = "<group>"; };
		588841182F7CF54A0009D6DE /* content.js */ = {isa = PBXFileReference; lastKnownFileType = sourcecode.javascript; name = content.js; path = Resources/content.js; sourceTree = "<group>"; };
/* End PBXFileReference section */

/* Begin PBXFrameworksBuildPhase section */
		588840E32F7CF54A0009D6DE /* Frameworks */ = {
			isa = PBXFrameworksBuildPhase;
			buildActionMask = 2147483647;
			files = (
			);
			runOnlyForDeploymentPostprocessing = 0;
		};
		588840FE2F7CF54A0009D6DE /* Frameworks */ = {
			isa = PBXFrameworksBuildPhase;
			buildActionMask = 2147483647;
			files = (
			);
			runOnlyForDeploymentPostprocessing = 0;
		};
/* End PBXFrameworksBuildPhase section */

/* Begin PBXGroup section */
		588840DD2F7CF54A0009D6DE = {
			isa = PBXGroup;
			children = (
				588840E82F7CF54A0009D6DE /* Block People & Keywords */,
				588841052F7CF54A0009D6DE /* Block People & Keywords Extension */,
				588840E72F7CF54A0009D6DE /* Products */,
			);
			sourceTree = "<group>";
		};
		588840E72F7CF54A0009D6DE /* Products */ = {
			isa = PBXGroup;
			children = (
				588840E62F7CF54A0009D6DE /* Block People & Keywords.app */,
				588841012F7CF54A0009D6DE /* Block People & Keywords Extension.appex */,
			);
			name = Products;
			sourceTree = "<group>";
		};
		588840E82F7CF54A0009D6DE /* Block People & Keywords */ = {
			isa = PBXGroup;
			children = (
				588840E92F7CF54A0009D6DE /* AppDelegate.swift */,
				588840F52F7CF54A0009D6DE /* ViewController.swift */,
				588840F72F7CF54A0009D6DE /* Main.storyboard */,
				588840FA2F7CF54A0009D6DE /* Assets.xcassets */,
				588840FC2F7CF54A0009D6DE /* Info.plist */,
				588840EB2F7CF54A0009D6DE /* Resources */,
			);
			path = "Block People & Keywords";
			sourceTree = "<group>";
		};
		588840EB2F7CF54A0009D6DE /* Resources */ = {
			isa = PBXGroup;
			children = (
				588840EC2F7CF54A0009D6DE /* Main.html */,
				588840EF2F7CF54A0009D6DE /* Icon.png */,
				588840F12F7CF54A0009D6DE /* Style.css */,
				588840F32F7CF54A0009D6DE /* Script.js */,
			);
			path = Resources;
			sourceTree = "<group>";
		};
		588841052F7CF54A0009D6DE /* Block People & Keywords Extension */ = {
			isa = PBXGroup;
			children = (
				588841122F7CF54A0009D6DE /* Resources */,
				588841062F7CF54A0009D6DE /* SafariWebExtensionHandler.swift */,
				588841082F7CF54A0009D6DE /* Info.plist */,
			);
			path = "Block People & Keywords Extension";
			sourceTree = "<group>";
		};
		588841122F7CF54A0009D6DE /* Resources */ = {
			isa = PBXGroup;
			children = (
				588841132F7CF54A0009D6DE /* popup.js */,
				588841142F7CF54A0009D6DE /* popup.html */,
				588841152F7CF54A0009D6DE /* icons */,
				588841162F7CF54A0009D6DE /* manifest.json */,
				588841172F7CF54A0009D6DE /* popup.css */,
				588841182F7CF54A0009D6DE /* content.js */,
			);
			name = Resources;
			path = "Block People & Keywords Extension";
			sourceTree = SOURCE_ROOT;
		};
/* End PBXGroup section */

/* Begin PBXNativeTarget section */
		588840E52F7CF54A0009D6DE /* Block People & Keywords */ = {
			isa = PBXNativeTarget;
			buildConfigurationList = 5888410F2F7CF54A0009D6DE /* Build configuration list for PBXNativeTarget "Block People & Keywords" */;
			buildPhases = (
				588840E22F7CF54A0009D6DE /* Sources */,
				588840E32F7CF54A0009D6DE /* Frameworks */,
				588840E42F7CF54A0009D6DE /* Resources */,
				5888410E2F7CF54A0009D6DE /* Embed Foundation Extensions */,
			);
			buildRules = (
			);
			dependencies = (
				588841042F7CF54A0009D6DE /* PBXTargetDependency */,
			);
			name = "Block People & Keywords";
			packageProductDependencies = (
			);
			productName = "Block People & Keywords";
			productReference = 588840E62F7CF54A0009D6DE /* Block People & Keywords.app */;
			productType = "com.apple.product-type.application";
		};
		588841002F7CF54A0009D6DE /* Block People & Keywords Extension */ = {
			isa = PBXNativeTarget;
			buildConfigurationList = 5888410B2F7CF54A0009D6DE /* Build configuration list for PBXNativeTarget "Block People & Keywords Extension" */;
			buildPhases = (
				588840FD2F7CF54A0009D6DE /* Sources */,
				588840FE2F7CF54A0009D6DE /* Frameworks */,
				588840FF2F7CF54A0009D6DE /* Resources */,
			);
			buildRules = (
			);
			dependencies = (
			);
			name = "Block People & Keywords Extension";
			packageProductDependencies = (
			);
			productName = "Block People & Keywords Extension";
			productReference = 588841012F7CF54A0009D6DE /* Block People & Keywords Extension.appex */;
			productType = "com.apple.product-type.app-extension";
		};
/* End PBXNativeTarget section */

/* Begin PBXProject section */
		588840DE2F7CF54A0009D6DE /* Project object */ = {
			isa = PBXProject;
			attributes = {
				BuildIndependentTargetsInParallel = 1;
				LastSwiftUpdateCheck = 2640;
				LastUpgradeCheck = 2640;
				TargetAttributes = {
					588840E52F7CF54A0009D6DE = {
						CreatedOnToolsVersion = 26.4;
					};
					588841002F7CF54A0009D6DE = {
						CreatedOnToolsVersion = 26.4;
					};
				};
			};
			buildConfigurationList = 588840E12F7CF54A0009D6DE /* Build configuration list for PBXProject "Block People & Keywords" */;
			developmentRegion = en;
			hasScannedForEncodings = 0;
			knownRegions = (
				en,
				Base,
			);
			mainGroup = 588840DD2F7CF54A0009D6DE;
			minimizedProjectReferenceProxies = 1;
			preferredProjectObjectVersion = 77;
			productRefGroup = 588840E72F7CF54A0009D6DE /* Products */;
			projectDirPath = "";
			projectRoot = "";
			targets = (
				588840E52F7CF54A0009D6DE /* Block People & Keywords */,
				588841002F7CF54A0009D6DE /* Block People & Keywords Extension */,
			);
		};
/* End PBXProject section */

/* Begin PBXResourcesBuildPhase section */
		588840E42F7CF54A0009D6DE /* Resources */ = {
			isa = PBXResourcesBuildPhase;
			buildActionMask = 2147483647;
			files = (
				588840F02F7CF54A0009D6DE /* Icon.png in Resources */,
				588840F92F7CF54A0009D6DE /* Main.storyboard in Resources */,
				588840F42F7CF54A0009D6DE /* Script.js in Resources */,
				588840EE2F7CF54A0009D6DE /* Main.html in Resources */,
				588840FB2F7CF54A0009D6DE /* Assets.xcassets in Resources */,
				588840F22F7CF54A0009D6DE /* Style.css in Resources */,
			);
			runOnlyForDeploymentPostprocessing = 0;
		};
		588840FF2F7CF54A0009D6DE /* Resources */ = {
			isa = PBXResourcesBuildPhase;
			buildActionMask = 2147483647;
			files = (
				5888411E2F7CF54A0009D6DE /* content.js in Resources */,
				5888411D2F7CF54A0009D6DE /* popup.css in Resources */,
				5888411C2F7CF54A0009D6DE /* manifest.json in Resources */,
				5888411B2F7CF54A0009D6DE /* icons in Resources */,
				588841192F7CF54A0009D6DE /* popup.js in Resources */,
				5888411A2F7CF54A0009D6DE /* popup.html in Resources */,
			);
			runOnlyForDeploymentPostprocessing = 0;
		};
/* End PBXResourcesBuildPhase section */

/* Begin PBXSourcesBuildPhase section */
		588840E22F7CF54A0009D6DE /* Sources */ = {
			isa = PBXSourcesBuildPhase;
			buildActionMask = 2147483647;
			files = (
				588840F62F7CF54A0009D6DE /* ViewController.swift in Sources */,
				588840EA2F7CF54A0009D6DE /* AppDelegate.swift in Sources */,
			);
			runOnlyForDeploymentPostprocessing = 0;
		};
		588840FD2F7CF54A0009D6DE /* Sources */ = {
			isa = PBXSourcesBuildPhase;
			buildActionMask = 2147483647;
			files = (
				588841072F7CF54A0009D6DE /* SafariWebExtensionHandler.swift in Sources */,
			);
			runOnlyForDeploymentPostprocessing = 0;
		};
/* End PBXSourcesBuildPhase section */

/* Begin PBXTargetDependency section */
		588841042F7CF54A0009D6DE /* PBXTargetDependency */ = {
			isa = PBXTargetDependency;
			target = 588841002F7CF54A0009D6DE /* Block People & Keywords Extension */;
			targetProxy = 588841032F7CF54A0009D6DE /* PBXContainerItemProxy */;
		};
/* End PBXTargetDependency section */

/* Begin PBXVariantGroup section */
		588840EC2F7CF54A0009D6DE /* Main.html */ = {
			isa = PBXVariantGroup;
			children = (
				588840ED2F7CF54A0009D6DE /* Base */,
			);
			name = Main.html;
			sourceTree = "<group>";
		};
		588840F72F7CF54A0009D6DE /* Main.storyboard */ = {
			isa = PBXVariantGroup;
			children = (
				588840F82F7CF54A0009D6DE /* Base */,
			);
			name = Main.storyboard;
			sourceTree = "<group>";
		};
/* End PBXVariantGroup section */

/* Begin XCBuildConfiguration section */
		588841092F7CF54A0009D6DE /* Debug */ = {
			isa = XCBuildConfiguration;
			buildSettings = {
				ALWAYS_SEARCH_USER_PATHS = NO;
				ASSETCATALOG_COMPILER_GENERATE_SWIFT_ASSET_SYMBOL_EXTENSIONS = YES;
				CLANG_ANALYZER_NONNULL = YES;
				CLANG_ANALYZER_NUMBER_OBJECT_CONVERSION = YES_AGGRESSIVE;
				CLANG_CXX_LANGUAGE_STANDARD = "gnu++20";
				CLANG_ENABLE_MODULES = YES;
				CLANG_ENABLE_OBJC_ARC = YES;
				CLANG_ENABLE_OBJC_WEAK = YES;
				CLANG_WARN_BLOCK_CAPTURE_AUTORELEASING = YES;
				CLANG_WARN_BOOL_CONVERSION = YES;
				CLANG_WARN_COMMA = YES;
				CLANG_WARN_CONSTANT_CONVERSION = YES;
				CLANG_WARN_DEPRECATED_OBJC_IMPLEMENTATIONS = YES;
				CLANG_WARN_DIRECT_OBJC_ISA_USAGE = YES_ERROR;
				CLANG_WARN_DOCUMENTATION_COMMENTS = YES;
				CLANG_WARN_EMPTY_BODY = YES;
				CLANG_WARN_ENUM_CONVERSION = YES;
				CLANG_WARN_INFINITE_RECURSION = YES;
				CLANG_WARN_INT_CONVERSION = YES;
				CLANG_WARN_NON_LITERAL_NULL_CONVERSION = YES;
				CLANG_WARN_OBJC_IMPLICIT_RETAIN_SELF = YES;
				CLANG_WARN_OBJC_LITERAL_CONVERSION = YES;
				CLANG_WARN_OBJC_ROOT_CLASS = YES_ERROR;
				CLANG_WARN_QUOTED_INCLUDE_IN_FRAMEWORK_HEADER = YES;
				CLANG_WARN_RANGE_LOOP_ANALYSIS = YES;
				CLANG_WARN_STRICT_PROTOTYPES = YES;
				CLANG_WARN_SUSPICIOUS_MOVE = YES;
				CLANG_WARN_UNGUARDED_AVAILABILITY = YES_AGGRESSIVE;
				CLANG_WARN_UNREACHABLE_CODE = YES;
				CLANG_WARN__DUPLICATE_METHOD_MATCH = YES;
				COPY_PHASE_STRIP = NO;
				DEBUG_INFORMATION_FORMAT = dwarf;
				ENABLE_STRICT_OBJC_MSGSEND = YES;
				ENABLE_TESTABILITY = YES;
				ENABLE_USER_SCRIPT_SANDBOXING = YES;
				GCC_C_LANGUAGE_STANDARD = gnu17;
				GCC_DYNAMIC_NO_PIC = NO;
				GCC_NO_COMMON_BLOCKS = YES;
				GCC_OPTIMIZATION_LEVEL = 0;
				GCC_PREPROCESSOR_DEFINITIONS = (
					"DEBUG=1",
					"$(inherited)",
				);
				GCC_WARN_64_TO_32_BIT_CONVERSION = YES;
				GCC_WARN_ABOUT_RETURN_TYPE = YES_ERROR;
				GCC_WARN_UNDECLARED_SELECTOR = YES;
				GCC_WARN_UNINITIALIZED_AUTOS = YES_AGGRESSIVE;
				GCC_WARN_UNUSED_FUNCTION = YES;
				GCC_WARN_UNUSED_VARIABLE = YES;
				LOCALIZATION_PREFERS_STRING_CATALOGS = YES;
				MACOSX_DEPLOYMENT_TARGET = 10.14;
				MTL_ENABLE_DEBUG_INFO = INCLUDE_SOURCE;
				MTL_FAST_MATH = YES;
				ONLY_ACTIVE_ARCH = YES;
				SDKROOT = macosx;
				SWIFT_ACTIVE_COMPILATION_CONDITIONS = "DEBUG $(inherited)";
				SWIFT_OPTIMIZATION_LEVEL = "-Onone";
			};
			name = Debug;
		};
		5888410A2F7CF54A0009D6DE /* Release */ = {
			isa = XCBuildConfiguration;
			buildSettings = {
				ALWAYS_SEARCH_USER_PATHS = NO;
				ASSETCATALOG_COMPILER_GENERATE_SWIFT_ASSET_SYMBOL_EXTENSIONS = YES;
				CLANG_ANALYZER_NONNULL = YES;
				CLANG_ANALYZER_NUMBER_OBJECT_CONVERSION = YES_AGGRESSIVE;
				CLANG_CXX_LANGUAGE_STANDARD = "gnu++20";
				CLANG_ENABLE_MODULES = YES;
				CLANG_ENABLE_OBJC_ARC = YES;
				CLANG_ENABLE_OBJC_WEAK = YES;
				CLANG_WARN_BLOCK_CAPTURE_AUTORELEASING = YES;
				CLANG_WARN_BOOL_CONVERSION = YES;
				CLANG_WARN_COMMA = YES;
				CLANG_WARN_CONSTANT_CONVERSION = YES;
				CLANG_WARN_DEPRECATED_OBJC_IMPLEMENTATIONS = YES;
				CLANG_WARN_DIRECT_OBJC_ISA_USAGE = YES_ERROR;
				CLANG_WARN_DOCUMENTATION_COMMENTS = YES;
				CLANG_WARN_EMPTY_BODY = YES;
				CLANG_WARN_ENUM_CONVERSION = YES;
				CLANG_WARN_INFINITE_RECURSION = YES;
				CLANG_WARN_INT_CONVERSION = YES;
				CLANG_WARN_NON_LITERAL_NULL_CONVERSION = YES;
				CLANG_WARN_OBJC_IMPLICIT_RETAIN_SELF = YES;
				CLANG_WARN_OBJC_LITERAL_CONVERSION = YES;
				CLANG_WARN_OBJC_ROOT_CLASS = YES_ERROR;
				CLANG_WARN_QUOTED_INCLUDE_IN_FRAMEWORK_HEADER = YES;
				CLANG_WARN_RANGE_LOOP_ANALYSIS = YES;
				CLANG_WARN_STRICT_PROTOTYPES = YES;
				CLANG_WARN_SUSPICIOUS_MOVE = YES;
				CLANG_WARN_UNGUARDED_AVAILABILITY = YES_AGGRESSIVE;
				CLANG_WARN_UNREACHABLE_CODE = YES;
				CLANG_WARN__DUPLICATE_METHOD_MATCH = YES;
				COPY_PHASE_STRIP = NO;
				DEBUG_INFORMATION_FORMAT = "dwarf-with-dsym";
				ENABLE_NS_ASSERTIONS = NO;
				ENABLE_STRICT_OBJC_MSGSEND = YES;
				ENABLE_USER_SCRIPT_SANDBOXING = YES;
				GCC_C_LANGUAGE_STANDARD = gnu17;
				GCC_NO_COMMON_BLOCKS = YES;
				GCC_WARN_64_TO_32_BIT_CONVERSION = YES;
				GCC_WARN_ABOUT_RETURN_TYPE = YES_ERROR;
				GCC_WARN_UNDECLARED_SELECTOR = YES;
				GCC_WARN_UNINITIALIZED_AUTOS = YES_AGGRESSIVE;
				GCC_WARN_UNUSED_FUNCTION = YES;
				GCC_WARN_UNUSED_VARIABLE = YES;
				LOCALIZATION_PREFERS_STRING_CATALOGS = YES;
				MACOSX_DEPLOYMENT_TARGET = 10.14;
				MTL_ENABLE_DEBUG_INFO = NO;
				MTL_FAST_MATH = YES;
				SDKROOT = macosx;
				SWIFT_COMPILATION_MODE = wholemodule;
			};
			name = Release;
		};
		5888410C2F7CF54A0009D6DE /* Debug */ = {
			isa = XCBuildConfiguration;
			buildSettings = {
				CODE_SIGN_STYLE = Automatic;
				CURRENT_PROJECT_VERSION = 4;
				ENABLE_APP_SANDBOX = YES;
				ENABLE_HARDENED_RUNTIME = YES;
				ENABLE_USER_SELECTED_FILES = readonly;
				GENERATE_INFOPLIST_FILE = YES;
				INFOPLIST_FILE = "Block People & Keywords Extension/Info.plist";
				INFOPLIST_KEY_CFBundleDisplayName = "Block People & Keywords Extension";
				INFOPLIST_KEY_NSHumanReadableCopyright = "";
				LD_RUNPATH_SEARCH_PATHS = (
					"$(inherited)",
					"@executable_path/../Frameworks",
					"@executable_path/../../../../Frameworks",
				);
				MACOSX_DEPLOYMENT_TARGET = 10.14;
				MARKETING_VERSION = 1.1.0;
				OTHER_LDFLAGS = (
					"-framework",
					SafariServices,
				);
				PRODUCT_BUNDLE_IDENTIFIER = "com.victorhumenhuk.Block-People---Keywords.Extension";
				PRODUCT_NAME = "$(TARGET_NAME)";
				SKIP_INSTALL = YES;
				STRING_CATALOG_GENERATE_SYMBOLS = YES;
				SWIFT_APPROACHABLE_CONCURRENCY = YES;
				SWIFT_EMIT_LOC_STRINGS = YES;
				SWIFT_UPCOMING_FEATURE_MEMBER_IMPORT_VISIBILITY = YES;
				SWIFT_VERSION = 5.0;
			};
			name = Debug;
		};
		5888410D2F7CF54A0009D6DE /* Release */ = {
			isa = XCBuildConfiguration;
			buildSettings = {
				CODE_SIGN_STYLE = Automatic;
				CURRENT_PROJECT_VERSION = 4;
				ENABLE_APP_SANDBOX = YES;
				ENABLE_HARDENED_RUNTIME = YES;
				ENABLE_USER_SELECTED_FILES = readonly;
				GENERATE_INFOPLIST_FILE = YES;
				INFOPLIST_FILE = "Block People & Keywords Extension/Info.plist";
				INFOPLIST_KEY_CFBundleDisplayName = "Block People & Keywords Extension";
				INFOPLIST_KEY_NSHumanReadableCopyright = "";
				LD_RUNPATH_SEARCH_PATHS = (
					"$(inherited)",
					"@executable_path/../Frameworks",
					"@executable_path/../../../../Frameworks",
				);
				MACOSX_DEPLOYMENT_TARGET = 10.14;
				MARKETING_VERSION = 1.1.0;
				OTHER_LDFLAGS = (
					"-framework",
					SafariServices,
				);
				PRODUCT_BUNDLE_IDENTIFIER = "com.victorhumenhuk.Block-People---Keywords.Extension";
				PRODUCT_NAME = "$(TARGET_NAME)";
				SKIP_INSTALL = YES;
				STRING_CATALOG_GENERATE_SYMBOLS = YES;
				SWIFT_APPROACHABLE_CONCURRENCY = YES;
				SWIFT_EMIT_LOC_STRINGS = YES;
				SWIFT_UPCOMING_FEATURE_MEMBER_IMPORT_VISIBILITY = YES;
				SWIFT_VERSION = 5.0;
			};
			name = Release;
		};
		588841102F7CF54A0009D6DE /* Debug */ = {
			isa = XCBuildConfiguration;
			buildSettings = {
				ASSETCATALOG_COMPILER_APPICON_NAME = AppIcon;
				ASSETCATALOG_COMPILER_GLOBAL_ACCENT_COLOR_NAME = AccentColor;
				CODE_SIGN_STYLE = Automatic;
				COMBINE_HIDPI_IMAGES = YES;
				CURRENT_PROJECT_VERSION = 4;
				ENABLE_APP_SANDBOX = YES;
				ENABLE_HARDENED_RUNTIME = YES;
				ENABLE_OUTGOING_NETWORK_CONNECTIONS = NO;
				ENABLE_USER_SELECTED_FILES = readonly;
				GENERATE_INFOPLIST_FILE = YES;
				INFOPLIST_FILE = "Block People & Keywords/Info.plist";
				INFOPLIST_KEY_CFBundleDisplayName = "Block People & Keywords";
				INFOPLIST_KEY_NSHumanReadableCopyright = "";
				INFOPLIST_KEY_NSMainStoryboardFile = Main;
				INFOPLIST_KEY_NSPrincipalClass = NSApplication;
				LD_RUNPATH_SEARCH_PATHS = (
					"$(inherited)",
					"@executable_path/../Frameworks",
				);
				MARKETING_VERSION = 1.1.0;
				OTHER_LDFLAGS = (
					"-framework",
					SafariServices,
					"-framework",
					WebKit,
				);
				PRODUCT_BUNDLE_IDENTIFIER = "com.victorhumenhuk.Block-People---Keywords";
				PRODUCT_NAME = "$(TARGET_NAME)";
				REGISTER_APP_GROUPS = YES;
				STRING_CATALOG_GENERATE_SYMBOLS = YES;
				SWIFT_APPROACHABLE_CONCURRENCY = YES;
				SWIFT_DEFAULT_ACTOR_ISOLATION = MainActor;
				SWIFT_EMIT_LOC_STRINGS = YES;
				SWIFT_UPCOMING_FEATURE_MEMBER_IMPORT_VISIBILITY = YES;
				SWIFT_VERSION = 5.0;
			};
			name = Debug;
		};
		588841112F7CF54A0009D6DE /* Release */ = {
			isa = XCBuildConfiguration;
			buildSettings = {
				ASSETCATALOG_COMPILER_APPICON_NAME = AppIcon;
				ASSETCATALOG_COMPILER_GLOBAL_ACCENT_COLOR_NAME = AccentColor;
				CODE_SIGN_STYLE = Automatic;
				COMBINE_HIDPI_IMAGES = YES;
				CURRENT_PROJECT_VERSION = 4;
				ENABLE_APP_SANDBOX = YES;
				ENABLE_HARDENED_RUNTIME = YES;
				ENABLE_OUTGOING_NETWORK_CONNECTIONS = NO;
				ENABLE_USER_SELECTED_FILES = readonly;
				GENERATE_INFOPLIST_FILE = YES;
				INFOPLIST_FILE = "Block People & Keywords/Info.plist";
				INFOPLIST_KEY_CFBundleDisplayName = "Block People & Keywords";
				INFOPLIST_KEY_NSHumanReadableCopyright = "";
				INFOPLIST_KEY_NSMainStoryboardFile = Main;
				INFOPLIST_KEY_NSPrincipalClass = NSApplication;
				LD_RUNPATH_SEARCH_PATHS = (
					"$(inherited)",
					"@executable_path/../Frameworks",
				);
				MARKETING_VERSION = 1.1.0;
				OTHER_LDFLAGS = (
					"-framework",
					SafariServices,
					"-framework",
					WebKit,
				);
				PRODUCT_BUNDLE_IDENTIFIER = "com.victorhumenhuk.Block-People---Keywords";
				PRODUCT_NAME = "$(TARGET_NAME)";
				REGISTER_APP_GROUPS = YES;
				STRING_CATALOG_GENERATE_SYMBOLS = YES;
				SWIFT_APPROACHABLE_CONCURRENCY = YES;
				SWIFT_DEFAULT_ACTOR_ISOLATION = MainActor;
				SWIFT_EMIT_LOC_STRINGS = YES;
				SWIFT_UPCOMING_FEATURE_MEMBER_IMPORT_VISIBILITY = YES;
				SWIFT_VERSION = 5.0;
			};
			name = Release;
		};
/* End XCBuildConfiguration section */

/* Begin XCConfigurationList section */
		588840E12F7CF54A0009D6DE /* Build configuration list for PBXProject "Block People & Keywords" */ = {
			isa = XCConfigurationList;
			buildConfigurations = (
				588841092F7CF54A0009D6DE /* Debug */,
				5888410A2F7CF54A0009D6DE /* Release */,
			);
			defaultConfigurationIsVisible = 0;
			defaultConfigurationName = Release;
		};
		5888410B2F7CF54A0009D6DE /* Build configuration list for PBXNativeTarget "Block People & Keywords Extension" */ = {
			isa = XCConfigurationList;
			buildConfigurations = (
				5888410C2F7CF54A0009D6DE /* Debug */,
				5888410D2F7CF54A0009D6DE /* Release */,
			);
			defaultConfigurationIsVisible = 0;
			defaultConfigurationName = Release;
		};
		5888410F2F7CF54A0009D6DE /* Build configuration list for PBXNativeTarget "Block People & Keywords" */ = {
			isa = XCConfigurationList;
			buildConfigurations = (
				588841102F7CF54A0009D6DE /* Debug */,
				588841112F7CF54A0009D6DE /* Release */,
			);
			defaultConfigurationIsVisible = 0;
			defaultConfigurationName = Release;
		};
/* End XCConfigurationList section */
	};
	rootObject = 588840DE2F7CF54A0009D6DE /* Project object */;
}
